Microsoft Visual Studio Solution File, Format Version 12.00
# Visual Studio 15
VisualStudioVersion = 15.0.28307.539
MinimumVisualStudioVersion = 10.0.40219.1
Project("{9A19103F-16F7-4668-BE54-9A1E7A4F7556}") = "LiftService.Program", "LiftService.Program\LiftService.Program.csproj", "{DE722555-B3D7-441E-B5E7-61E57C01BD4B}"
EndProject
Project("{9A19103F-16F7-4668-BE54-9A1E7A4F7556}") = "LiftService.Controller", "LiftService.Controller\LiftService.Controller.csproj", "{1153DAA5-6959-4538-B313-90A96B198138}"
EndProject
Project("{9A19103F-16F7-4668-BE54-9A1E7A4F7556}") = "LiftService.Database", "LiftService.Database\LiftService.Database.csproj", "{BF42E0FD-E0AC-45C8-AB47-A0B223BE0BFB}"
EndProject
Project("{9A19103F-16F7-4668-BE54-9A1E7A4F7556}") = "LiftService.Domain", "LiftService.Domain\LiftService.Domain.csproj", "{00C9FDF7-12CC-4E47-B118-D524D5BB837F}"
EndProject
Global
	GlobalSection(SolutionConfigurationPlatforms) = preSolution
		Debug|Any CPU = Debug|Any CPU
		Release|Any CPU = Release|Any CPU
	EndGlobalSection
	GlobalSection(ProjectConfigurationPlatforms) = postSolution
		{DE722555-B3D7-441E-B5E7-61E57C01BD4B}.Debug|Any CPU.ActiveCfg = Debug|Any CPU
		{DE722555-B3D7-441E-B5E7-61E57C01BD4B}.Debug|Any CPU.Build.0 = Debug|Any CPU
		{DE722555-B3D7-441E-B5E7-61E57C01BD4B}.Release|Any CPU.ActiveCfg = Release|Any CPU
		{DE722555-B3D7-441E-B5E7-61E57C01BD4B}.Release|Any CPU.Build.0 = Release|Any CPU
		{1153DAA5-6959-4538-B313-90A96B198138}.Debug|Any CPU.ActiveCfg = Debug|Any CPU
		{1153DAA5-6959-4538-B313-90A96B198138}.Debug|Any CPU.Build.0 = Debug|Any CPU
		{1153DAA5-6959-4538-B313-90A96B198138}.Release|Any CPU.ActiveCfg = Release|Any CPU
		{1153DAA5-6959-4538-B313-90A96B198138}.Release|Any CPU.Build.0 = Release|Any CPU
		{BF42E0FD-E0AC-45C8-AB47-A0B223BE0BFB}.Debug|Any CPU.ActiveCfg = Debug|Any CPU
		{BF42E0FD-E0AC-45C8-AB47-A0B223BE0BFB}.Debug|Any CPU.Build.0 = Debug|Any CPU
		{BF42E0FD-E0AC-45C8-AB47-A0B223BE0BFB}.Release|Any CPU.ActiveCfg = Release|Any CPU
		{BF42E0FD-E0AC-45C8-AB47-A0B223BE0BFB}.Release|Any CPU.Build.0 = Release|Any CPU
		{00C9FDF7-12CC-4E47-B118-D524D5BB837F}.Debug|Any CPU.ActiveCfg = Debug|Any CPU
		{00C9FDF7-12CC-4E47-B118-D524D5BB837F}.Debug|Any CPU.Build.0 = Debug|Any CPU
		{00C9FDF7-12CC-4E47-B118-D524D5BB837F}.Release|Any CPU.ActiveCfg = Release|Any CPU
		{00C9FDF7-12CC-4E47-B118-D524D5BB837F}.Release|Any CPU.Build.0 = Release|Any CPU
	EndGlobalSection
	GlobalSection(SolutionProperties) = preSolution
		HideSolutionNode = FALSE
	EndGlobalSection
	GlobalSection(ExtensibilityGlobals) = postSolution
		SolutionGuid = {D20C7587-BF26-45DC-BBE8-4271E08EA530}
	EndGlobalSection
EndGlobal
