Microsoft Visual Studio Solution File, Format Version 12.00
# Visual Studio 15
VisualStudioVersion = 15.0.28307.539
MinimumVisualStudioVersion = 10.0.40219.1
Project("{9A19103F-16F7-4668-BE54-9A1E7A4F7556}") = "LiftService.Api", "LiftService.Api\LiftService.Api.csproj", "{DE722555-B3D7-441E-B5E7-61E57C01BD4B}"
EndProject
Project("{9A19103F-16F7-4668-BE54-9A1E7A4F7556}") = "LiftService.Controller", "LiftService.Controller\LiftService.Controller.csproj", "{1153DAA5-6959-4538-B313-90A96B198138}"
EndProject
Project("{9A19103F-16F7-4668-BE54-9A1E7A4F7556}") = "LiftService.Database", "LiftService.Database\LiftService.Database.csproj", "{BF42E0FD-E0AC-45C8-AB47-A0B223BE0BFB}"
EndProject
Project("{9A19103F-16F7-4668-BE54-9A1E7A4F7556}") = "LiftService.Domain", "LiftService.Domain\LiftService.Domain.csproj", "{00C9FDF7-12CC-4E47-B118-D524D5BB837F}"
EndProject
Project("{E53339B2-1760-4266-BCC7-CA923CBCF16C}") = "docker-compose", "docker-compose.dcproj", "{0E297CB9-7BD5-4792-8460-DA92D29E87F4}"
EndProject
Project("{FAE04EC0-301F-11D3-BF4B-00C04F79EFBC}") = "AuthService.Controller", "AuthService.Controller\AuthService.Controller.csproj", "{3D3A710F-312C-4706-B39F-BB2B76E49768}"
EndProject
Project("{FAE04EC0-301F-11D3-BF4B-00C04F79EFBC}") = "AuthService.Domain", "AuthService.Domain\AuthService.Domain.csproj", "{6A86357C-E09E-46CC-9A60-92A493F743E9}"
EndProject
Project("{FAE04EC0-301F-11D3-BF4B-00C04F79EFBC}") = "AuthService.Contract", "AuthService.Contract\AuthService.Contract.csproj", "{0FF49D7A-9805-4045-9D1E-63B043A0EBC1}"
EndProject
Project("{FAE04EC0-301F-11D3-BF4B-00C04F79EFBC}") = "LiftService.Contract", "LiftService.Contract\LiftService.Contract.csproj", "{82490834-7D0F-4AD7-9FDF-60574662432C}"
EndProject
Global
	GlobalSection(SolutionConfigurationPlatforms) = preSolution
		Debug|Any CPU = Debug|Any CPU
		Release|Any CPU = Release|Any CPU
	EndGlobalSection
	GlobalSection(ProjectConfigurationPlatforms) = postSolution
		{DE722555-B3D7-441E-B5E7-61E57C01BD4B}.Debug|Any CPU.ActiveCfg = Debug|Any CPU
		{DE722555-B3D7-441E-B5E7-61E57C01BD4B}.Debug|Any CPU.Build.0 = Debug|Any CPU
		{DE722555-B3D7-441E-B5E7-61E57C01BD4B}.Release|Any CPU.ActiveCfg = Release|Any CPU
		{DE722555-B3D7-441E-B5E7-61E57C01BD4B}.Release|Any CPU.Build.0 = Release|Any CPU
		{1153DAA5-6959-4538-B313-90A96B198138}.Debug|Any CPU.ActiveCfg = Debug|Any CPU
		{1153DAA5-6959-4538-B313-90A96B198138}.Debug|Any CPU.Build.0 = Debug|Any CPU
		{1153DAA5-6959-4538-B313-90A96B198138}.Release|Any CPU.ActiveCfg = Release|Any CPU
		{1153DAA5-6959-4538-B313-90A96B198138}.Release|Any CPU.Build.0 = Release|Any CPU
		{BF42E0FD-E0AC-45C8-AB47-A0B223BE0BFB}.Debug|Any CPU.ActiveCfg = Debug|Any CPU
		{BF42E0FD-E0AC-45C8-AB47-A0B223BE0BFB}.Debug|Any CPU.Build.0 = Debug|Any CPU
		{BF42E0FD-E0AC-45C8-AB47-A0B223BE0BFB}.Release|Any CPU.ActiveCfg = Release|Any CPU
		{BF42E0FD-E0AC-45C8-AB47-A0B223BE0BFB}.Release|Any CPU.Build.0 = Release|Any CPU
		{00C9FDF7-12CC-4E47-B118-D524D5BB837F}.Debug|Any CPU.ActiveCfg = Debug|Any CPU
		{00C9FDF7-12CC-4E47-B118-D524D5BB837F}.Debug|Any CPU.Build.0 = Debug|Any CPU
		{00C9FDF7-12CC-4E47-B118-D524D5BB837F}.Release|Any CPU.ActiveCfg = Release|Any CPU
		{00C9FDF7-12CC-4E47-B118-D524D5BB837F}.Release|Any CPU.Build.0 = Release|Any CPU
		{0E297CB9-7BD5-4792-8460-DA92D29E87F4}.Debug|Any CPU.ActiveCfg = Debug|Any CPU
		{0E297CB9-7BD5-4792-8460-DA92D29E87F4}.Debug|Any CPU.Build.0 = Debug|Any CPU
		{0E297CB9-7BD5-4792-8460-DA92D29E87F4}.Release|Any CPU.ActiveCfg = Release|Any CPU
		{0E297CB9-7BD5-4792-8460-DA92D29E87F4}.Release|Any CPU.Build.0 = Release|Any CPU
		{3D3A710F-312C-4706-B39F-BB2B76E49768}.Debug|Any CPU.ActiveCfg = Debug|Any CPU
		{3D3A710F-312C-4706-B39F-BB2B76E49768}.Debug|Any CPU.Build.0 = Debug|Any CPU
		{3D3A710F-312C-4706-B39F-BB2B76E49768}.Release|Any CPU.ActiveCfg = Release|Any CPU
		{3D3A710F-312C-4706-B39F-BB2B76E49768}.Release|Any CPU.Build.0 = Release|Any CPU
		{6A86357C-E09E-46CC-9A60-92A493F743E9}.Debug|Any CPU.ActiveCfg = Debug|Any CPU
		{6A86357C-E09E-46CC-9A60-92A493F743E9}.Debug|Any CPU.Build.0 = Debug|Any CPU
		{6A86357C-E09E-46CC-9A60-92A493F743E9}.Release|Any CPU.ActiveCfg = Release|Any CPU
		{6A86357C-E09E-46CC-9A60-92A493F743E9}.Release|Any CPU.Build.0 = Release|Any CPU
		{0FF49D7A-9805-4045-9D1E-63B043A0EBC1}.Debug|Any CPU.ActiveCfg = Debug|Any CPU
		{0FF49D7A-9805-4045-9D1E-63B043A0EBC1}.Debug|Any CPU.Build.0 = Debug|Any CPU
		{0FF49D7A-9805-4045-9D1E-63B043A0EBC1}.Release|Any CPU.ActiveCfg = Release|Any CPU
		{0FF49D7A-9805-4045-9D1E-63B043A0EBC1}.Release|Any CPU.Build.0 = Release|Any CPU
		{82490834-7D0F-4AD7-9FDF-60574662432C}.Debug|Any CPU.ActiveCfg = Debug|Any CPU
		{82490834-7D0F-4AD7-9FDF-60574662432C}.Debug|Any CPU.Build.0 = Debug|Any CPU
		{82490834-7D0F-4AD7-9FDF-60574662432C}.Release|Any CPU.ActiveCfg = Release|Any CPU
		{82490834-7D0F-4AD7-9FDF-60574662432C}.Release|Any CPU.Build.0 = Release|Any CPU
	EndGlobalSection
	GlobalSection(SolutionProperties) = preSolution
		HideSolutionNode = FALSE
	EndGlobalSection
	GlobalSection(ExtensibilityGlobals) = postSolution
		SolutionGuid = {D20C7587-BF26-45DC-BBE8-4271E08EA530}
	EndGlobalSection
EndGlobal
